
Microsoft Visual Studio Solution File, Format Version 12.00
# Visual Studio Version 16
VisualStudioVersion = 16.0.31005.135
MinimumVisualStudioVersion = 10.0.40219.1
Project("{FAE04EC0-301F-11D3-BF4B-00C04F79EFBC}") = "ImageLabeler", "ImageLabeler\ImageLabeler.csproj", "{29298FB8-C38F-4C05-8201-0DA574BF0038}"
EndProject
Global
	GlobalSection(SolutionConfigurationPlatforms) = preSolution
		Debug|Any CPU = Debug|Any CPU
		Release|Any CPU = Release|Any CPU
	EndGlobalSection
	GlobalSection(ProjectConfigurationPlatforms) = postSolution
		{29298FB8-C38F-4C05-8201-0DA574BF0038}.Debug|Any CPU.ActiveCfg = Debug|Any CPU
		{29298FB8-C38F-4C05-8201-0DA574BF0038}.Debug|Any CPU.Build.0 = Debug|Any CPU
		{29298FB8-C38F-4C05-8201-0DA574BF0038}.Release|Any CPU.ActiveCfg = Release|Any CPU
		{29298FB8-C38F-4C05-8201-0DA574BF0038}.Release|Any CPU.Build.0 = Release|Any CPU
	EndGlobalSection
	GlobalSection(SolutionProperties) = preSolution
		HideSolutionNode = FALSE
	EndGlobalSection
	GlobalSection(ExtensibilityGlobals) = postSolution
		SolutionGuid = {CBDEFFC5-017E-4983-8FAA-45B8C705C52C}
	EndGlobalSection
EndGlobal
